# This file is autogenerated, do not edit; changes may be undone by the next 'dep ensure'.


[[projects]]
  branch = "master"
  name = "github.com/btcsuite/btcd"
  packages = ["btcec","chaincfg","chaincfg/chainhash","wire"]
  revision = "6867ff32788a1beb9d148e414d7f84f50958f0d2"

[[projects]]
  branch = "master"
  name = "github.com/btcsuite/btcutil"
  packages = [".","base58","bech32"]
  revision = "3ac1210f4b38284536002486ef8a21ac54c14497"

[[projects]]
  branch = "master"
  name = "github.com/jimlawless/whereami"
  packages = ["."]
  revision = "aebf70d4a772ea20216cfe6c428f439cb47cfaf2"

[[projects]]
  branch = "master"
  name = "golang.org/x/crypto"
  packages = ["ripemd160"]
  revision = "df01cb2cc480549d72034218dd98bf97671450ac"

[solve-meta]
  analyzer-name = "dep"
  analyzer-version = 1
  inputs-digest = "92f1ae19cea220b9de11dadcf43bbe8c4cc7db1f55f7c1eba84a79469fc24dd9"
  solver-name = "gps-cdcl"
  solver-version = 1
